// !$*UTF8*$!
{
	archiveVersion = 1;
	classes = {
	};
	objectVersion = 50;
	objects = {

/* Begin PBXBuildFile section */
		4F066F2C21A59C050067463D /* AppDelegate.m in Sources */ = {isa = PBXBuildFile; fileRef = 4F066F2B21A59C050067463D /* AppDelegate.m */; };
		4F066F2F21A59C050067463D /* ViewController.m in Sources */ = {isa = PBXBuildFile; fileRef = 4F066F2E21A59C050067463D /* ViewController.m */; };
		4F066F3221A59C050067463D /* Main.storyboard in Resources */ = {isa = PBXBuildFile; fileRef = 4F066F3021A59C050067463D /* Main.storyboard */; };
		4F066F3421A59C070067463D /* Assets.xcassets in Resources */ = {isa = PBXBuildFile; fileRef = 4F066F3321A59C070067463D /* Assets.xcassets */; };
		4F066F3721A59C070067463D /* LaunchScreen.storyboard in Resources */ = {isa = PBXBuildFile; fileRef = 4F066F3521A59C070067463D /* LaunchScreen.storyboard */; };
		4F066F3A21A59C070067463D /* main.m in Sources */ = {isa = PBXBuildFile; fileRef = 4F066F3921A59C070067463D /* main.m */; };
		4F066F4221A59C9F0067463D /* ViewController2.m in Sources */ = {isa = PBXBuildFile; fileRef = 4F066F4121A59C9F0067463D /* ViewController2.m */; };
		4F066F4521A5AAAD0067463D /* NotificationToken.m in Sources */ = {isa = PBXBuildFile; fileRef = 4F066F4421A5AAAD0067463D /* NotificationToken.m */; };
		4F066F4821A5AF590067463D /* NSNotificationCenter+Token.m in Sources */ = {isa = PBXBuildFile; fileRef = 4F066F4721A5AF590067463D /* NSNotificationCenter+Token.m */; };
/* End PBXBuildFile section */

/* Begin PBXFileReference section */
		4F066F2721A59C050067463D /* NotificationDispatch.app */ = {isa = PBXFileReference; explicitFileType = wrapper.application; includeInIndex = 0; path = NotificationDispatch.app; sourceTree = BUILT_PRODUCTS_DIR; };
		4F066F2A21A59C050067463D /* AppDelegate.h */ = {isa = PBXFileReference; lastKnownFileType = sourcecode.c.h; path = AppDelegate.h; sourceTree = "<group>"; };
		4F066F2B21A59C050067463D /* AppDelegate.m */ = {isa = PBXFileReference; lastKnownFileType = sourcecode.c.objc; path = AppDelegate.m; sourceTree = "<group>"; };
		4F066F2D21A59C050067463D /* ViewController.h */ = {isa = PBXFileReference; lastKnownFileType = sourcecode.c.h; path = ViewController.h; sourceTree = "<group>"; };
		4F066F2E21A59C050067463D /* ViewController.m */ = {isa = PBXFileReference; lastKnownFileType = sourcecode.c.objc; path = ViewController.m; sourceTree = "<group>"; };
		4F066F3121A59C050067463D /* Base */ = {isa = PBXFileReference; lastKnownFileType = file.storyboard; name = Base; path = Base.lproj/Main.storyboard; sourceTree = "<group>"; };
		4F066F3321A59C070067463D /* Assets.xcassets */ = {isa = PBXFileReference; lastKnownFileType = folder.assetcatalog; path = Assets.xcassets; sourceTree = "<group>"; };
		4F066F3621A59C070067463D /* Base */ = {isa = PBXFileReference; lastKnownFileType = file.storyboard; name = Base; path = Base.lproj/LaunchScreen.storyboard; sourceTree = "<group>"; };
		4F066F3821A59C070067463D /* Info.plist */ = {isa = PBXFileReference; lastKnownFileType = text.plist.xml; path = Info.plist; sourceTree = "<group>"; };
		4F066F3921A59C070067463D /* main.m */ = {isa = PBXFileReference; lastKnownFileType = sourcecode.c.objc; path = main.m; sourceTree = "<group>"; };
		4F066F4021A59C9F0067463D /* ViewController2.h */ = {isa = PBXFileReference; lastKnownFileType = sourcecode.c.h; path = ViewController2.h; sourceTree = "<group>"; };
		4F066F4121A59C9F0067463D /* ViewController2.m */ = {isa = PBXFileReference; lastKnownFileType = sourcecode.c.objc; path = ViewController2.m; sourceTree = "<group>"; };
		4F066F4321A5AAAD0067463D /* NotificationToken.h */ = {isa = PBXFileReference; lastKnownFileType = sourcecode.c.h; path = NotificationToken.h; sourceTree = "<group>"; };
		4F066F4421A5AAAD0067463D /* NotificationToken.m */ = {isa = PBXFileReference; lastKnownFileType = sourcecode.c.objc; path = NotificationToken.m; sourceTree = "<group>"; };
		4F066F4621A5AF590067463D /* NSNotificationCenter+Token.h */ = {isa = PBXFileReference; lastKnownFileType = sourcecode.c.h; path = "NSNotificationCenter+Token.h"; sourceTree = "<group>"; };
		4F066F4721A5AF590067463D /* NSNotificationCenter+Token.m */ = {isa = PBXFileReference; lastKnownFileType = sourcecode.c.objc; path = "NSNotificationCenter+Token.m"; sourceTree = "<group>"; };
/* End PBXFileReference section */

/* Begin PBXFrameworksBuildPhase section */
		4F066F2421A59C050067463D /* Frameworks */ = {
			isa = PBXFrameworksBuildPhase;
			buildActionMask = 2147483647;
			files = (
			);
			runOnlyForDeploymentPostprocessing = 0;
		};
/* End PBXFrameworksBuildPhase section */

/* Begin PBXGroup section */
		4F066F1E21A59C050067463D = {
			isa = PBXGroup;
			children = (
				4F066F2921A59C050067463D /* NotificationDispatch */,
				4F066F2821A59C050067463D /* Products */,
			);
			sourceTree = "<group>";
		};
		4F066F2821A59C050067463D /* Products */ = {
			isa = PBXGroup;
			children = (
				4F066F2721A59C050067463D /* NotificationDispatch.app */,
			);
			name = Products;
			sourceTree = "<group>";
		};
		4F066F2921A59C050067463D /* NotificationDispatch */ = {
			isa = PBXGroup;
			children = (
				4F066F2A21A59C050067463D /* AppDelegate.h */,
				4F066F2B21A59C050067463D /* AppDelegate.m */,
				4F066F2D21A59C050067463D /* ViewController.h */,
				4F066F2E21A59C050067463D /* ViewController.m */,
				4F066F4621A5AF590067463D /* NSNotificationCenter+Token.h */,
				4F066F4721A5AF590067463D /* NSNotificationCenter+Token.m */,
				4F066F3021A59C050067463D /* Main.storyboard */,
				4F066F4021A59C9F0067463D /* ViewController2.h */,
				4F066F4121A59C9F0067463D /* ViewController2.m */,
				4F066F3321A59C070067463D /* Assets.xcassets */,
				4F066F3521A59C070067463D /* LaunchScreen.storyboard */,
				4F066F3821A59C070067463D /* Info.plist */,
				4F066F3921A59C070067463D /* main.m */,
				4F066F4321A5AAAD0067463D /* NotificationToken.h */,
				4F066F4421A5AAAD0067463D /* NotificationToken.m */,
			);
			path = NotificationDispatch;
			sourceTree = "<group>";
		};
/* End PBXGroup section */

/* Begin PBXNativeTarget section */
		4F066F2621A59C050067463D /* NotificationDispatch */ = {
			isa = PBXNativeTarget;
			buildConfigurationList = 4F066F3D21A59C070067463D /* Build configuration list for PBXNativeTarget "NotificationDispatch" */;
			buildPhases = (
				4F066F2321A59C050067463D /* Sources */,
				4F066F2421A59C050067463D /* Frameworks */,
				4F066F2521A59C050067463D /* Resources */,
			);
			buildRules = (
			);
			dependencies = (
			);
			name = NotificationDispatch;
			productName = NotificationDispatch;
			productReference = 4F066F2721A59C050067463D /* NotificationDispatch.app */;
			productType = "com.apple.product-type.application";
		};
/* End PBXNativeTarget section */

/* Begin PBXProject section */
		4F066F1F21A59C050067463D /* Project object */ = {
			isa = PBXProject;
			attributes = {
				LastUpgradeCheck = 1010;
				ORGANIZATIONNAME = pmst;
				TargetAttributes = {
					4F066F2621A59C050067463D = {
						CreatedOnToolsVersion = 10.1;
					};
				};
			};
			buildConfigurationList = 4F066F2221A59C050067463D /* Build configuration list for PBXProject "NotificationDispatch" */;
			compatibilityVersion = "Xcode 9.3";
			developmentRegion = en;
			hasScannedForEncodings = 0;
			knownRegions = (
				en,
				Base,
			);
			mainGroup = 4F066F1E21A59C050067463D;
			productRefGroup = 4F066F2821A59C050067463D /* Products */;
			projectDirPath = "";
			projectRoot = "";
			targets = (
				4F066F2621A59C050067463D /* NotificationDispatch */,
			);
		};
/* End PBXProject section */

/* Begin PBXResourcesBuildPhase section */
		4F066F2521A59C050067463D /* Resources */ = {
			isa = PBXResourcesBuildPhase;
			buildActionMask = 2147483647;
			files = (
				4F066F3721A59C070067463D /* LaunchScreen.storyboard in Resources */,
				4F066F3421A59C070067463D /* Assets.xcassets in Resources */,
				4F066F3221A59C050067463D /* Main.storyboard in Resources */,
			);
			runOnlyForDeploymentPostprocessing = 0;
		};
/* End PBXResourcesBuildPhase section */

/* Begin PBXSourcesBuildPhase section */
		4F066F2321A59C050067463D /* Sources */ = {
			isa = PBXSourcesBuildPhase;
			buildActionMask = 2147483647;
			files = (
				4F066F2F21A59C050067463D /* ViewController.m in Sources */,
				4F066F4221A59C9F0067463D /* ViewController2.m in Sources */,
				4F066F4521A5AAAD0067463D /* NotificationToken.m in Sources */,
				4F066F3A21A59C070067463D /* main.m in Sources */,
				4F066F4821A5AF590067463D /* NSNotificationCenter+Token.m in Sources */,
				4F066F2C21A59C050067463D /* AppDelegate.m in Sources */,
			);
			runOnlyForDeploymentPostprocessing = 0;
		};
/* End PBXSourcesBuildPhase section */

/* Begin PBXVariantGroup section */
		4F066F3021A59C050067463D /* Main.storyboard */ = {
			isa = PBXVariantGroup;
			children = (
				4F066F3121A59C050067463D /* Base */,
			);
			name = Main.storyboard;
			sourceTree = "<group>";
		};
		4F066F3521A59C070067463D /* LaunchScreen.storyboard */ = {
			isa = PBXVariantGroup;
			children = (
				4F066F3621A59C070067463D /* Base */,
			);
			name = LaunchScreen.storyboard;
			sourceTree = "<group>";
		};
/* End PBXVariantGroup section */

/* Begin XCBuildConfiguration section */
		4F066F3B21A59C070067463D /* Debug */ = {
			isa = XCBuildConfiguration;
			buildSettings = {
				ALWAYS_SEARCH_USER_PATHS = NO;
				CLANG_ANALYZER_NONNULL = YES;
				CLANG_ANALYZER_NUMBER_OBJECT_CONVERSION = YES_AGGRESSIVE;
				CLANG_CXX_LANGUAGE_STANDARD = "gnu++14";
				CLANG_CXX_LIBRARY = "libc++";
				CLANG_ENABLE_MODULES = YES;
				CLANG_ENABLE_OBJC_ARC = YES;
				CLANG_ENABLE_OBJC_WEAK = YES;
				CLANG_WARN_BLOCK_CAPTURE_AUTORELEASING = YES;
				CLANG_WARN_BOOL_CONVERSION = YES;
				CLANG_WARN_COMMA = YES;
				CLANG_WARN_CONSTANT_CONVERSION = YES;
				CLANG_WARN_DEPRECATED_OBJC_IMPLEMENTATIONS = YES;
				CLANG_WARN_DIRECT_OBJC_ISA_USAGE = YES_ERROR;
				CLANG_WARN_DOCUMENTATION_COMMENTS = YES;
				CLANG_WARN_EMPTY_BODY = YES;
				CLANG_WARN_ENUM_CONVERSION = YES;
				CLANG_WARN_INFINITE_RECURSION = YES;
				CLANG_WARN_INT_CONVERSION = YES;
				CLANG_WARN_NON_LITERAL_NULL_CONVERSION = YES;
				CLANG_WARN_OBJC_IMPLICIT_RETAIN_SELF = YES;
				CLANG_WARN_OBJC_LITERAL_CONVERSION = YES;
				CLANG_WARN_OBJC_ROOT_CLASS = YES_ERROR;
				CLANG_WARN_RANGE_LOOP_ANALYSIS = YES;
				CLANG_WARN_STRICT_PROTOTYPES = YES;
				CLANG_WARN_SUSPICIOUS_MOVE = YES;
				CLANG_WARN_UNGUARDED_AVAILABILITY = YES_AGGRESSIVE;
				CLANG_WARN_UNREACHABLE_CODE = YES;
				CLANG_WARN__DUPLICATE_METHOD_MATCH = YES;
				CODE_SIGN_IDENTITY = "iPhone Developer";
				COPY_PHASE_STRIP = NO;
				DEBUG_INFORMATION_FORMAT = dwarf;
				ENABLE_STRICT_OBJC_MSGSEND = YES;
				ENABLE_TESTABILITY = YES;
				GCC_C_LANGUAGE_STANDARD = gnu11;
				GCC_DYNAMIC_NO_PIC = NO;
				GCC_NO_COMMON_BLOCKS = YES;
				GCC_OPTIMIZATION_LEVEL = 0;
				GCC_PREPROCESSOR_DEFINITIONS = (
					"DEBUG=1",
					"$(inherited)",
				);
				GCC_WARN_64_TO_32_BIT_CONVERSION = YES;
				GCC_WARN_ABOUT_RETURN_TYPE = YES_ERROR;
				GCC_WARN_UNDECLARED_SELECTOR = YES;
				GCC_WARN_UNINITIALIZED_AUTOS = YES_AGGRESSIVE;
				GCC_WARN_UNUSED_FUNCTION = YES;
				GCC_WARN_UNUSED_VARIABLE = YES;
				IPHONEOS_DEPLOYMENT_TARGET = 12.1;
				MTL_ENABLE_DEBUG_INFO = INCLUDE_SOURCE;
				MTL_FAST_MATH = YES;
				ONLY_ACTIVE_ARCH = YES;
				SDKROOT = iphoneos;
			};
			name = Debug;
		};
		4F066F3C21A59C070067463D /* Release */ = {
			isa = XCBuildConfiguration;
			buildSettings = {
				ALWAYS_SEARCH_USER_PATHS = NO;
				CLANG_ANALYZER_NONNULL = YES;
				CLANG_ANALYZER_NUMBER_OBJECT_CONVERSION = YES_AGGRESSIVE;
				CLANG_CXX_LANGUAGE_STANDARD = "gnu++14";
				CLANG_CXX_LIBRARY = "libc++";
				CLANG_ENABLE_MODULES = YES;
				CLANG_ENABLE_OBJC_ARC = YES;
				CLANG_ENABLE_OBJC_WEAK = YES;
				CLANG_WARN_BLOCK_CAPTURE_AUTORELEASING = YES;
				CLANG_WARN_BOOL_CONVERSION = YES;
				CLANG_WARN_COMMA = YES;
				CLANG_WARN_CONSTANT_CONVERSION = YES;
				CLANG_WARN_DEPRECATED_OBJC_IMPLEMENTATIONS = YES;
				CLANG_WARN_DIRECT_OBJC_ISA_USAGE = YES_ERROR;
				CLANG_WARN_DOCUMENTATION_COMMENTS = YES;
				CLANG_WARN_EMPTY_BODY = YES;
				CLANG_WARN_ENUM_CONVERSION = YES;
				CLANG_WARN_INFINITE_RECURSION = YES;
				CLANG_WARN_INT_CONVERSION = YES;
				CLANG_WARN_NON_LITERAL_NULL_CONVERSION = YES;
				CLANG_WARN_OBJC_IMPLICIT_RETAIN_SELF = YES;
				CLANG_WARN_OBJC_LITERAL_CONVERSION = YES;
				CLANG_WARN_OBJC_ROOT_CLASS = YES_ERROR;
				CLANG_WARN_RANGE_LOOP_ANALYSIS = YES;
				CLANG_WARN_STRICT_PROTOTYPES = YES;
				CLANG_WARN_SUSPICIOUS_MOVE = YES;
				CLANG_WARN_UNGUARDED_AVAILABILITY = YES_AGGRESSIVE;
				CLANG_WARN_UNREACHABLE_CODE = YES;
				CLANG_WARN__DUPLICATE_METHOD_MATCH = YES;
				CODE_SIGN_IDENTITY = "iPhone Developer";
				COPY_PHASE_STRIP = NO;
				DEBUG_INFORMATION_FORMAT = "dwarf-with-dsym";
				ENABLE_NS_ASSERTIONS = NO;
				ENABLE_STRICT_OBJC_MSGSEND = YES;
				GCC_C_LANGUAGE_STANDARD = gnu11;
				GCC_NO_COMMON_BLOCKS = YES;
				GCC_WARN_64_TO_32_BIT_CONVERSION = YES;
				GCC_WARN_ABOUT_RETURN_TYPE = YES_ERROR;
				GCC_WARN_UNDECLARED_SELECTOR = YES;
				GCC_WARN_UNINITIALIZED_AUTOS = YES_AGGRESSIVE;
				GCC_WARN_UNUSED_FUNCTION = YES;
				GCC_WARN_UNUSED_VARIABLE = YES;
				IPHONEOS_DEPLOYMENT_TARGET = 12.1;
				MTL_ENABLE_DEBUG_INFO = NO;
				MTL_FAST_MATH = YES;
				SDKROOT = iphoneos;
				VALIDATE_PRODUCT = YES;
			};
			name = Release;
		};
		4F066F3E21A59C070067463D /* Debug */ = {
			isa = XCBuildConfiguration;
			buildSettings = {
				ASSETCATALOG_COMPILER_APPICON_NAME = AppIcon;
				CODE_SIGN_STYLE = Automatic;
				INFOPLIST_FILE = NotificationDispatch/Info.plist;
				LD_RUNPATH_SEARCH_PATHS = (
					"$(inherited)",
					"@executable_path/Frameworks",
				);
				PRODUCT_BUNDLE_IDENTIFIER = com.pmst.NotificationDispatch;
				PRODUCT_NAME = "$(TARGET_NAME)";
				TARGETED_DEVICE_FAMILY = "1,2";
			};
			name = Debug;
		};
		4F066F3F21A59C070067463D /* Release */ = {
			isa = XCBuildConfiguration;
			buildSettings = {
				ASSETCATALOG_COMPILER_APPICON_NAME = AppIcon;
				CODE_SIGN_STYLE = Automatic;
				INFOPLIST_FILE = NotificationDispatch/Info.plist;
				LD_RUNPATH_SEARCH_PATHS = (
					"$(inherited)",
					"@executable_path/Frameworks",
				);
				PRODUCT_BUNDLE_IDENTIFIER = com.pmst.NotificationDispatch;
				PRODUCT_NAME = "$(TARGET_NAME)";
				TARGETED_DEVICE_FAMILY = "1,2";
			};
			name = Release;
		};
/* End XCBuildConfiguration section */

/* Begin XCConfigurationList section */
		4F066F2221A59C050067463D /* Build configuration list for PBXProject "NotificationDispatch" */ = {
			isa = XCConfigurationList;
			buildConfigurations = (
				4F066F3B21A59C070067463D /* Debug */,
				4F066F3C21A59C070067463D /* Release */,
			);
			defaultConfigurationIsVisible = 0;
			defaultConfigurationName = Release;
		};
		4F066F3D21A59C070067463D /* Build configuration list for PBXNativeTarget "NotificationDispatch" */ = {
			isa = XCConfigurationList;
			buildConfigurations = (
				4F066F3E21A59C070067463D /* Debug */,
				4F066F3F21A59C070067463D /* Release */,
			);
			defaultConfigurationIsVisible = 0;
			defaultConfigurationName = Release;
		};
/* End XCConfigurationList section */
	};
	rootObject = 4F066F1F21A59C050067463D /* Project object */;
}
