// !$*UTF8*$!
{
	archiveVersion = 1;
	classes = {
	};
	objectVersion = 50;
	objects = {

/* Begin PBXBuildFile section */
		4F268378207BAC7F00C0DBF8 /* PTObserver.m in Sources */ = {isa = PBXBuildFile; fileRef = 4F268377207BAC7F00C0DBF8 /* PTObserver.m */; };
		4F26837B207BC9E500C0DBF8 /* PTBinder.m in Sources */ = {isa = PBXBuildFile; fileRef = 4F26837A207BC9E500C0DBF8 /* PTBinder.m */; };
/* End PBXBuildFile section */

/* Begin PBXCopyFilesBuildPhase section */
		4F268368207BAC5100C0DBF8 /* CopyFiles */ = {
			isa = PBXCopyFilesBuildPhase;
			buildActionMask = 2147483647;
			dstPath = "include/$(PRODUCT_NAME)";
			dstSubfolderSpec = 16;
			files = (
			);
			runOnlyForDeploymentPostprocessing = 0;
		};
/* End PBXCopyFilesBuildPhase section */

/* Begin PBXFileReference section */
		4F26836A207BAC5100C0DBF8 /* libPTKVOUtility.a */ = {isa = PBXFileReference; explicitFileType = archive.ar; includeInIndex = 0; path = libPTKVOUtility.a; sourceTree = BUILT_PRODUCTS_DIR; };
		4F268376207BAC7F00C0DBF8 /* PTObserver.h */ = {isa = PBXFileReference; lastKnownFileType = sourcecode.c.h; path = PTObserver.h; sourceTree = "<group>"; };
		4F268377207BAC7F00C0DBF8 /* PTObserver.m */ = {isa = PBXFileReference; lastKnownFileType = sourcecode.c.objc; path = PTObserver.m; sourceTree = "<group>"; };
		4F268379207BC9E500C0DBF8 /* PTBinder.h */ = {isa = PBXFileReference; lastKnownFileType = sourcecode.c.h; path = PTBinder.h; sourceTree = "<group>"; };
		4F26837A207BC9E500C0DBF8 /* PTBinder.m */ = {isa = PBXFileReference; lastKnownFileType = sourcecode.c.objc; path = PTBinder.m; sourceTree = "<group>"; };
		4F26837C207BD23500C0DBF8 /* PTKVOUtility.h */ = {isa = PBXFileReference; lastKnownFileType = sourcecode.c.h; path = PTKVOUtility.h; sourceTree = "<group>"; };
/* End PBXFileReference section */

/* Begin PBXFrameworksBuildPhase section */
		4F268367207BAC5100C0DBF8 /* Frameworks */ = {
			isa = PBXFrameworksBuildPhase;
			buildActionMask = 2147483647;
			files = (
			);
			runOnlyForDeploymentPostprocessing = 0;
		};
/* End PBXFrameworksBuildPhase section */

/* Begin PBXGroup section */
		4F268361207BAC5100C0DBF8 = {
			isa = PBXGroup;
			children = (
				4F26836C207BAC5100C0DBF8 /* PTKVOUtility */,
				4F26836B207BAC5100C0DBF8 /* Products */,
			);
			sourceTree = "<group>";
		};
		4F26836B207BAC5100C0DBF8 /* Products */ = {
			isa = PBXGroup;
			children = (
				4F26836A207BAC5100C0DBF8 /* libPTKVOUtility.a */,
			);
			name = Products;
			sourceTree = "<group>";
		};
		4F26836C207BAC5100C0DBF8 /* PTKVOUtility */ = {
			isa = PBXGroup;
			children = (
				4F268376207BAC7F00C0DBF8 /* PTObserver.h */,
				4F268377207BAC7F00C0DBF8 /* PTObserver.m */,
				4F268379207BC9E500C0DBF8 /* PTBinder.h */,
				4F26837A207BC9E500C0DBF8 /* PTBinder.m */,
				4F26837C207BD23500C0DBF8 /* PTKVOUtility.h */,
			);
			path = PTKVOUtility;
			sourceTree = "<group>";
		};
/* End PBXGroup section */

/* Begin PBXNativeTarget section */
		4F268369207BAC5100C0DBF8 /* PTKVOUtility */ = {
			isa = PBXNativeTarget;
			buildConfigurationList = 4F268373207BAC5100C0DBF8 /* Build configuration list for PBXNativeTarget "PTKVOUtility" */;
			buildPhases = (
				4F268366207BAC5100C0DBF8 /* Sources */,
				4F268367207BAC5100C0DBF8 /* Frameworks */,
				4F268368207BAC5100C0DBF8 /* CopyFiles */,
			);
			buildRules = (
			);
			dependencies = (
			);
			name = PTKVOUtility;
			productName = PTKVOUtility;
			productReference = 4F26836A207BAC5100C0DBF8 /* libPTKVOUtility.a */;
			productType = "com.apple.product-type.library.static";
		};
/* End PBXNativeTarget section */

/* Begin PBXProject section */
		4F268362207BAC5100C0DBF8 /* Project object */ = {
			isa = PBXProject;
			attributes = {
				LastUpgradeCheck = 0930;
				ORGANIZATIONNAME = pmst;
				TargetAttributes = {
					4F268369207BAC5100C0DBF8 = {
						CreatedOnToolsVersion = 9.3;
					};
				};
			};
			buildConfigurationList = 4F268365207BAC5100C0DBF8 /* Build configuration list for PBXProject "PTKVOUtility" */;
			compatibilityVersion = "Xcode 9.3";
			developmentRegion = en;
			hasScannedForEncodings = 0;
			knownRegions = (
				en,
			);
			mainGroup = 4F268361207BAC5100C0DBF8;
			productRefGroup = 4F26836B207BAC5100C0DBF8 /* Products */;
			projectDirPath = "";
			projectRoot = "";
			targets = (
				4F268369207BAC5100C0DBF8 /* PTKVOUtility */,
			);
		};
/* End PBXProject section */

/* Begin PBXSourcesBuildPhase section */
		4F268366207BAC5100C0DBF8 /* Sources */ = {
			isa = PBXSourcesBuildPhase;
			buildActionMask = 2147483647;
			files = (
				4F268378207BAC7F00C0DBF8 /* PTObserver.m in Sources */,
				4F26837B207BC9E500C0DBF8 /* PTBinder.m in Sources */,
			);
			runOnlyForDeploymentPostprocessing = 0;
		};
/* End PBXSourcesBuildPhase section */

/* Begin XCBuildConfiguration section */
		4F268371207BAC5100C0DBF8 /* Debug */ = {
			isa = XCBuildConfiguration;
			buildSettings = {
				ALWAYS_SEARCH_USER_PATHS = NO;
				CLANG_ANALYZER_NONNULL = YES;
				CLANG_ANALYZER_NUMBER_OBJECT_CONVERSION = YES_AGGRESSIVE;
				CLANG_CXX_LANGUAGE_STANDARD = "gnu++14";
				CLANG_CXX_LIBRARY = "libc++";
				CLANG_ENABLE_MODULES = YES;
				CLANG_ENABLE_OBJC_ARC = YES;
				CLANG_ENABLE_OBJC_WEAK = YES;
				CLANG_WARN_BLOCK_CAPTURE_AUTORELEASING = YES;
				CLANG_WARN_BOOL_CONVERSION = YES;
				CLANG_WARN_COMMA = YES;
				CLANG_WARN_CONSTANT_CONVERSION = YES;
				CLANG_WARN_DEPRECATED_OBJC_IMPLEMENTATIONS = YES;
				CLANG_WARN_DIRECT_OBJC_ISA_USAGE = YES_ERROR;
				CLANG_WARN_DOCUMENTATION_COMMENTS = YES;
				CLANG_WARN_EMPTY_BODY = YES;
				CLANG_WARN_ENUM_CONVERSION = YES;
				CLANG_WARN_INFINITE_RECURSION = YES;
				CLANG_WARN_INT_CONVERSION = YES;
				CLANG_WARN_NON_LITERAL_NULL_CONVERSION = YES;
				CLANG_WARN_OBJC_IMPLICIT_RETAIN_SELF = YES;
				CLANG_WARN_OBJC_LITERAL_CONVERSION = YES;
				CLANG_WARN_OBJC_ROOT_CLASS = YES_ERROR;
				CLANG_WARN_RANGE_LOOP_ANALYSIS = YES;
				CLANG_WARN_STRICT_PROTOTYPES = YES;
				CLANG_WARN_SUSPICIOUS_MOVE = YES;
				CLANG_WARN_UNGUARDED_AVAILABILITY = YES_AGGRESSIVE;
				CLANG_WARN_UNREACHABLE_CODE = YES;
				CLANG_WARN__DUPLICATE_METHOD_MATCH = YES;
				CODE_SIGN_IDENTITY = "iPhone Developer";
				COPY_PHASE_STRIP = NO;
				DEBUG_INFORMATION_FORMAT = dwarf;
				ENABLE_STRICT_OBJC_MSGSEND = YES;
				ENABLE_TESTABILITY = YES;
				GCC_C_LANGUAGE_STANDARD = gnu11;
				GCC_DYNAMIC_NO_PIC = NO;
				GCC_NO_COMMON_BLOCKS = YES;
				GCC_OPTIMIZATION_LEVEL = 0;
				GCC_PREPROCESSOR_DEFINITIONS = (
					"DEBUG=1",
					"$(inherited)",
				);
				GCC_WARN_64_TO_32_BIT_CONVERSION = YES;
				GCC_WARN_ABOUT_RETURN_TYPE = YES_ERROR;
				GCC_WARN_UNDECLARED_SELECTOR = YES;
				GCC_WARN_UNINITIALIZED_AUTOS = YES_AGGRESSIVE;
				GCC_WARN_UNUSED_FUNCTION = YES;
				GCC_WARN_UNUSED_VARIABLE = YES;
				IPHONEOS_DEPLOYMENT_TARGET = 11.3;
				MTL_ENABLE_DEBUG_INFO = YES;
				ONLY_ACTIVE_ARCH = YES;
				SDKROOT = iphoneos;
			};
			name = Debug;
		};
		4F268372207BAC5100C0DBF8 /* Release */ = {
			isa = XCBuildConfiguration;
			buildSettings = {
				ALWAYS_SEARCH_USER_PATHS = NO;
				CLANG_ANALYZER_NONNULL = YES;
				CLANG_ANALYZER_NUMBER_OBJECT_CONVERSION = YES_AGGRESSIVE;
				CLANG_CXX_LANGUAGE_STANDARD = "gnu++14";
				CLANG_CXX_LIBRARY = "libc++";
				CLANG_ENABLE_MODULES = YES;
				CLANG_ENABLE_OBJC_ARC = YES;
				CLANG_ENABLE_OBJC_WEAK = YES;
				CLANG_WARN_BLOCK_CAPTURE_AUTORELEASING = YES;
				CLANG_WARN_BOOL_CONVERSION = YES;
				CLANG_WARN_COMMA = YES;
				CLANG_WARN_CONSTANT_CONVERSION = YES;
				CLANG_WARN_DEPRECATED_OBJC_IMPLEMENTATIONS = YES;
				CLANG_WARN_DIRECT_OBJC_ISA_USAGE = YES_ERROR;
				CLANG_WARN_DOCUMENTATION_COMMENTS = YES;
				CLANG_WARN_EMPTY_BODY = YES;
				CLANG_WARN_ENUM_CONVERSION = YES;
				CLANG_WARN_INFINITE_RECURSION = YES;
				CLANG_WARN_INT_CONVERSION = YES;
				CLANG_WARN_NON_LITERAL_NULL_CONVERSION = YES;
				CLANG_WARN_OBJC_IMPLICIT_RETAIN_SELF = YES;
				CLANG_WARN_OBJC_LITERAL_CONVERSION = YES;
				CLANG_WARN_OBJC_ROOT_CLASS = YES_ERROR;
				CLANG_WARN_RANGE_LOOP_ANALYSIS = YES;
				CLANG_WARN_STRICT_PROTOTYPES = YES;
				CLANG_WARN_SUSPICIOUS_MOVE = YES;
				CLANG_WARN_UNGUARDED_AVAILABILITY = YES_AGGRESSIVE;
				CLANG_WARN_UNREACHABLE_CODE = YES;
				CLANG_WARN__DUPLICATE_METHOD_MATCH = YES;
				CODE_SIGN_IDENTITY = "iPhone Developer";
				COPY_PHASE_STRIP = NO;
				DEBUG_INFORMATION_FORMAT = "dwarf-with-dsym";
				ENABLE_NS_ASSERTIONS = NO;
				ENABLE_STRICT_OBJC_MSGSEND = YES;
				GCC_C_LANGUAGE_STANDARD = gnu11;
				GCC_NO_COMMON_BLOCKS = YES;
				GCC_WARN_64_TO_32_BIT_CONVERSION = YES;
				GCC_WARN_ABOUT_RETURN_TYPE = YES_ERROR;
				GCC_WARN_UNDECLARED_SELECTOR = YES;
				GCC_WARN_UNINITIALIZED_AUTOS = YES_AGGRESSIVE;
				GCC_WARN_UNUSED_FUNCTION = YES;
				GCC_WARN_UNUSED_VARIABLE = YES;
				IPHONEOS_DEPLOYMENT_TARGET = 11.3;
				MTL_ENABLE_DEBUG_INFO = NO;
				SDKROOT = iphoneos;
				VALIDATE_PRODUCT = YES;
			};
			name = Release;
		};
		4F268374207BAC5100C0DBF8 /* Debug */ = {
			isa = XCBuildConfiguration;
			buildSettings = {
				CODE_SIGN_STYLE = Automatic;
				OTHER_LDFLAGS = "-ObjC";
				PRODUCT_NAME = "$(TARGET_NAME)";
				SKIP_INSTALL = YES;
				TARGETED_DEVICE_FAMILY = "1,2";
			};
			name = Debug;
		};
		4F268375207BAC5100C0DBF8 /* Release */ = {
			isa = XCBuildConfiguration;
			buildSettings = {
				CODE_SIGN_STYLE = Automatic;
				OTHER_LDFLAGS = "-ObjC";
				PRODUCT_NAME = "$(TARGET_NAME)";
				SKIP_INSTALL = YES;
				TARGETED_DEVICE_FAMILY = "1,2";
			};
			name = Release;
		};
/* End XCBuildConfiguration section */

/* Begin XCConfigurationList section */
		4F268365207BAC5100C0DBF8 /* Build configuration list for PBXProject "PTKVOUtility" */ = {
			isa = XCConfigurationList;
			buildConfigurations = (
				4F268371207BAC5100C0DBF8 /* Debug */,
				4F268372207BAC5100C0DBF8 /* Release */,
			);
			defaultConfigurationIsVisible = 0;
			defaultConfigurationName = Release;
		};
		4F268373207BAC5100C0DBF8 /* Build configuration list for PBXNativeTarget "PTKVOUtility" */ = {
			isa = XCConfigurationList;
			buildConfigurations = (
				4F268374207BAC5100C0DBF8 /* Debug */,
				4F268375207BAC5100C0DBF8 /* Release */,
			);
			defaultConfigurationIsVisible = 0;
			defaultConfigurationName = Release;
		};
/* End XCConfigurationList section */
	};
	rootObject = 4F268362207BAC5100C0DBF8 /* Project object */;
}
